Microsoft Visual Studio Solution File, Format Version 11.00
# Visual Studio 2008

Project("{1121F619-A8BF-226E-4CA0-DDE523C12802}") = "ReinforcementLearning", "Assembly-CSharp.csproj", "{4E36AA4F-CE4D-A753-0BAB-5CF2780C3E57}"
EndProject
Global
	GlobalSection(SolutionConfigurationPlatforms) = preSolution
		Debug|Any CPU = Debug|Any CPU
		Release|Any CPU = Release|Any CPU
	EndGlobalSection
	GlobalSection(ProjectConfigurationPlatforms) = postSolution
		{4E36AA4F-CE4D-A753-0BAB-5CF2780C3E57}.Debug|Any CPU.ActiveCfg = Debug|Any CPU
		{4E36AA4F-CE4D-A753-0BAB-5CF2780C3E57}.Debug|Any CPU.Build.0 = Debug|Any CPU
		{4E36AA4F-CE4D-A753-0BAB-5CF2780C3E57}.Release|Any CPU.ActiveCfg = Release|Any CPU
		{4E36AA4F-CE4D-A753-0BAB-5CF2780C3E57}.Release|Any CPU.Build.0 = Release|Any CPU
	EndGlobalSection
	GlobalSection(SolutionProperties) = preSolution
		HideSolutionNode = FALSE
	EndGlobalSection
	GlobalSection(MonoDevelopProperties) = preSolution
		StartupItem = Assembly-CSharp.csproj
	EndGlobalSection
EndGlobal
